
Microsoft Visual Studio Solution File, Format Version 12.00
# Visual Studio Version 17
VisualStudioVersion = 17.5.002.0
MinimumVisualStudioVersion = 10.0.40219.1
Project("{9A19103F-16F7-4668-BE54-9A1E7A4F7556}") = "calendify-app", "calendify-app.csproj", "{DE7E8232-EF0C-49DD-BA78-D589EC976FF2}"
EndProject
Global
	GlobalSection(SolutionConfigurationPlatforms) = preSolution
		Debug|Any CPU = Debug|Any CPU
		Release|Any CPU = Release|Any CPU
	EndGlobalSection
	GlobalSection(ProjectConfigurationPlatforms) = postSolution
		{DE7E8232-EF0C-49DD-BA78-D589EC976FF2}.Debug|Any CPU.ActiveCfg = Debug|Any CPU
		{DE7E8232-EF0C-49DD-BA78-D589EC976FF2}.Debug|Any CPU.Build.0 = Debug|Any CPU
		{DE7E8232-EF0C-49DD-BA78-D589EC976FF2}.Release|Any CPU.ActiveCfg = Release|Any CPU
		{DE7E8232-EF0C-49DD-BA78-D589EC976FF2}.Release|Any CPU.Build.0 = Release|Any CPU
	EndGlobalSection
	GlobalSection(SolutionProperties) = preSolution
		HideSolutionNode = FALSE
	EndGlobalSection
	GlobalSection(ExtensibilityGlobals) = postSolution
		SolutionGuid = {EA024AC1-3F31-4062-9016-A69EFC4BE626}
	EndGlobalSection
EndGlobal
